
Microsoft Visual Studio Solution File, Format Version 12.00
# Visual Studio 15
VisualStudioVersion = 15.0.28010.2046
MinimumVisualStudioVersion = 10.0.40219.1
Project("{FAE04EC0-301F-11D3-BF4B-00C04F79EFBC}") = "HouseApi", "HouseApi\HouseApi.csproj", "{27A6E942-4497-486D-9863-F776E7C84FA2}"
EndProject
Project("{FAE04EC0-301F-11D3-BF4B-00C04F79EFBC}") = "Model", "Model\Model.csproj", "{16027A54-84A4-4960-AB92-67E9995F7388}"
EndProject
Project("{FAE04EC0-301F-11D3-BF4B-00C04F79EFBC}") = "BLL", "BLL\BLL.csproj", "{00407DCA-CE42-4E10-8DD2-A2C7D8884F3A}"
EndProject
Project("{FAE04EC0-301F-11D3-BF4B-00C04F79EFBC}") = "DAL", "DAL\DAL.csproj", "{4B0313B8-0992-45E5-8F38-A8CC42F2AAD4}"
EndProject
Project("{FAE04EC0-301F-11D3-BF4B-00C04F79EFBC}") = "InterFace", "InterFace\InterFace.csproj", "{E890C2E5-E90A-4075-B192-A9ED5790D35E}"
EndProject
Global
	GlobalSection(SolutionConfigurationPlatforms) = preSolution
		Debug|Any CPU = Debug|Any CPU
		Release|Any CPU = Release|Any CPU
	EndGlobalSection
	GlobalSection(ProjectConfigurationPlatforms) = postSolution
		{27A6E942-4497-486D-9863-F776E7C84FA2}.Debug|Any CPU.ActiveCfg = Debug|Any CPU
		{27A6E942-4497-486D-9863-F776E7C84FA2}.Debug|Any CPU.Build.0 = Debug|Any CPU
		{27A6E942-4497-486D-9863-F776E7C84FA2}.Release|Any CPU.ActiveCfg = Release|Any CPU
		{27A6E942-4497-486D-9863-F776E7C84FA2}.Release|Any CPU.Build.0 = Release|Any CPU
		{16027A54-84A4-4960-AB92-67E9995F7388}.Debug|Any CPU.ActiveCfg = Debug|Any CPU
		{16027A54-84A4-4960-AB92-67E9995F7388}.Debug|Any CPU.Build.0 = Debug|Any CPU
		{16027A54-84A4-4960-AB92-67E9995F7388}.Release|Any CPU.ActiveCfg = Release|Any CPU
		{16027A54-84A4-4960-AB92-67E9995F7388}.Release|Any CPU.Build.0 = Release|Any CPU
		{00407DCA-CE42-4E10-8DD2-A2C7D8884F3A}.Debug|Any CPU.ActiveCfg = Debug|Any CPU
		{00407DCA-CE42-4E10-8DD2-A2C7D8884F3A}.Debug|Any CPU.Build.0 = Debug|Any CPU
		{00407DCA-CE42-4E10-8DD2-A2C7D8884F3A}.Release|Any CPU.ActiveCfg = Release|Any CPU
		{00407DCA-CE42-4E10-8DD2-A2C7D8884F3A}.Release|Any CPU.Build.0 = Release|Any CPU
		{4B0313B8-0992-45E5-8F38-A8CC42F2AAD4}.Debug|Any CPU.ActiveCfg = Debug|Any CPU
		{4B0313B8-0992-45E5-8F38-A8CC42F2AAD4}.Debug|Any CPU.Build.0 = Debug|Any CPU
		{4B0313B8-0992-45E5-8F38-A8CC42F2AAD4}.Release|Any CPU.ActiveCfg = Release|Any CPU
		{4B0313B8-0992-45E5-8F38-A8CC42F2AAD4}.Release|Any CPU.Build.0 = Release|Any CPU
		{E890C2E5-E90A-4075-B192-A9ED5790D35E}.Debug|Any CPU.ActiveCfg = Debug|Any CPU
		{E890C2E5-E90A-4075-B192-A9ED5790D35E}.Debug|Any CPU.Build.0 = Debug|Any CPU
		{E890C2E5-E90A-4075-B192-A9ED5790D35E}.Release|Any CPU.ActiveCfg = Release|Any CPU
		{E890C2E5-E90A-4075-B192-A9ED5790D35E}.Release|Any CPU.Build.0 = Release|Any CPU
	EndGlobalSection
	GlobalSection(SolutionProperties) = preSolution
		HideSolutionNode = FALSE
	EndGlobalSection
	GlobalSection(ExtensibilityGlobals) = postSolution
		SolutionGuid = {E0B0D3D6-C7A7-4515-829D-D1DF66DC8CCB}
		VisualSVNWorkingCopyRoot = .
	EndGlobalSection
EndGlobal
